
Microsoft Visual Studio Solution File, Format Version 12.00
# Visual Studio 15
VisualStudioVersion = 15.0.28307.1022
MinimumVisualStudioVersion = 10.0.40219.1
Project("{FAE04EC0-301F-11D3-BF4B-00C04F79EFBC}") = "B20_Ex02", "B20_Ex02\B20_Ex02.csproj", "{360FBF5A-0BD3-4DC6-92A0-18FEA66C86F9}"
EndProject
Project("{2150E333-8FDC-42A3-9474-1A3956D46DE8}") = "Solution Items", "Solution Items", "{DE69437E-96D2-4C72-B857-2F725454DF6D}"
EndProject
Global
	GlobalSection(SolutionConfigurationPlatforms) = preSolution
		Debug|Any CPU = Debug|Any CPU
		Release|Any CPU = Release|Any CPU
	EndGlobalSection
	GlobalSection(ProjectConfigurationPlatforms) = postSolution
		{360FBF5A-0BD3-4DC6-92A0-18FEA66C86F9}.Debug|Any CPU.ActiveCfg = Debug|Any CPU
		{360FBF5A-0BD3-4DC6-92A0-18FEA66C86F9}.Debug|Any CPU.Build.0 = Debug|Any CPU
		{360FBF5A-0BD3-4DC6-92A0-18FEA66C86F9}.Release|Any CPU.ActiveCfg = Release|Any CPU
		{360FBF5A-0BD3-4DC6-92A0-18FEA66C86F9}.Release|Any CPU.Build.0 = Release|Any CPU
	EndGlobalSection
	GlobalSection(SolutionProperties) = preSolution
		HideSolutionNode = FALSE
	EndGlobalSection
	GlobalSection(ExtensibilityGlobals) = postSolution
		SolutionGuid = {8D015547-8291-41B7-9A1F-70057C4EA77C}
	EndGlobalSection
EndGlobal
